// !$*UTF8*$!
{
	archiveVersion = 1;
	classes = {
	};
	objectVersion = 46;
	objects = {

/* Begin PBXBuildFile section */
		72C0D12B15FF1D32000B52DD /* UIKit.framework in Frameworks */ = {isa = PBXBuildFile; fileRef = 72C0D12A15FF1D32000B52DD /* UIKit.framework */; };
		72C0D12D15FF1D32000B52DD /* Foundation.framework in Frameworks */ = {isa = PBXBuildFile; fileRef = 72C0D12C15FF1D32000B52DD /* Foundation.framework */; };
		72C0D12F15FF1D32000B52DD /* CoreGraphics.framework in Frameworks */ = {isa = PBXBuildFile; fileRef = 72C0D12E15FF1D32000B52DD /* CoreGraphics.framework */; };
		72C0D13515FF1D33000B52DD /* InfoPlist.strings in Resources */ = {isa = PBXBuildFile; fileRef = 72C0D13315FF1D33000B52DD /* InfoPlist.strings */; };
		72C0D14D15FF3D95000B52DD /* CFNetwork.framework in Frameworks */ = {isa = PBXBuildFile; fileRef = 72C0D14C15FF3D95000B52DD /* CFNetwork.framework */; };
		72C0D1D01600BF07000B52DD /* QuartzCore.framework in Frameworks */ = {isa = PBXBuildFile; fileRef = 72C0D1CF1600BF07000B52DD /* QuartzCore.framework */; };
		72EF61B716676D8400F23250 /* AppDelegate.m in Sources */ = {isa = PBXBuildFile; fileRef = 72EF618F16676D8300F23250 /* AppDelegate.m */; };
		72EF61B816676D8400F23250 /* BButton.m in Sources */ = {isa = PBXBuildFile; fileRef = 72EF619216676D8300F23250 /* BButton.m */; };
		72EF61B916676D8400F23250 /* DDAlertPrompt.m in Sources */ = {isa = PBXBuildFile; fileRef = 72EF619416676D8300F23250 /* DDAlertPrompt.m */; };
		72EF61BA16676D8400F23250 /* Delete.m in Sources */ = {isa = PBXBuildFile; fileRef = 72EF619616676D8300F23250 /* Delete.m */; };
		72EF61BB16676D8400F23250 /* EGORefreshTableHeaderView.m in Sources */ = {isa = PBXBuildFile; fileRef = 72EF619816676D8300F23250 /* EGORefreshTableHeaderView.m */; };
		72EF61BC16676D8400F23250 /* Entry.m in Sources */ = {isa = PBXBuildFile; fileRef = 72EF619A16676D8300F23250 /* Entry.m */; };
		72EF61BD16676D8400F23250 /* FtpBrowser.m in Sources */ = {isa = PBXBuildFile; fileRef = 72EF619D16676D8300F23250 /* FtpBrowser.m */; };
		72EF61BF16676D8400F23250 /* main.m in Sources */ = {isa = PBXBuildFile; fileRef = 72EF619F16676D8300F23250 /* main.m */; };
		72EF61C016676D8400F23250 /* MJPopupBackgroundView.m in Sources */ = {isa = PBXBuildFile; fileRef = 72EF61A116676D8300F23250 /* MJPopupBackgroundView.m */; };
		72EF61C116676D8400F23250 /* NetworkManager.m in Sources */ = {isa = PBXBuildFile; fileRef = 72EF61A316676D8300F23250 /* NetworkManager.m */; };
		72EF61C216676D8400F23250 /* PasswordView.m in Sources */ = {isa = PBXBuildFile; fileRef = 72EF61A516676D8300F23250 /* PasswordView.m */; };
		72EF61C316676D8400F23250 /* PSDirectoryListViewController.m in Sources */ = {isa = PBXBuildFile; fileRef = 72EF61A816676D8300F23250 /* PSDirectoryListViewController.m */; };
		72EF61C416676D8400F23250 /* PSDirectoryPickerController.m in Sources */ = {isa = PBXBuildFile; fileRef = 72EF61AA16676D8300F23250 /* PSDirectoryPickerController.m */; };
		72EF61C516676D8400F23250 /* PSDirectoryPickerEntry.m in Sources */ = {isa = PBXBuildFile; fileRef = 72EF61AD16676D8300F23250 /* PSDirectoryPickerEntry.m */; };
		72EF61C616676D8400F23250 /* PullRefreshTableViewController.m in Sources */ = {isa = PBXBuildFile; fileRef = 72EF61AF16676D8300F23250 /* PullRefreshTableViewController.m */; };
		72EF61C716676D8400F23250 /* UIViewController+MJPopupViewController.m in Sources */ = {isa = PBXBuildFile; fileRef = 72EF61B116676D8300F23250 /* UIViewController+MJPopupViewController.m */; };
		72EF61C816676D8400F23250 /* Uploader.m in Sources */ = {isa = PBXBuildFile; fileRef = 72EF61B316676D8300F23250 /* Uploader.m */; };
		72EF61C916676D8400F23250 /* ViewController.m in Sources */ = {isa = PBXBuildFile; fileRef = 72EF61B516676D8300F23250 /* ViewController.m */; };
		72EF61F416676D9400F23250 /* arrow.png in Resources */ = {isa = PBXBuildFile; fileRef = 72EF61CC16676D9400F23250 /* arrow.png */; };
		72EF61F516676D9400F23250 /* blackArrow.png in Resources */ = {isa = PBXBuildFile; fileRef = 72EF61CD16676D9400F23250 /* blackArrow.png */; };
		72EF61F616676D9400F23250 /* blackArrow@2x.png in Resources */ = {isa = PBXBuildFile; fileRef = 72EF61CE16676D9400F23250 /* blackArrow@2x.png */; };
		72EF61F716676D9400F23250 /* blueArrow.png in Resources */ = {isa = PBXBuildFile; fileRef = 72EF61CF16676D9400F23250 /* blueArrow.png */; };
		72EF61F816676D9400F23250 /* blueArrow@2x.png in Resources */ = {isa = PBXBuildFile; fileRef = 72EF61D016676D9400F23250 /* blueArrow@2x.png */; };
		72EF61F916676D9400F23250 /* brasero.png in Resources */ = {isa = PBXBuildFile; fileRef = 72EF61D116676D9400F23250 /* brasero.png */; };
		72EF61FA16676D9400F23250 /* c.png in Resources */ = {isa = PBXBuildFile; fileRef = 72EF61D216676D9400F23250 /* c.png */; };
		72EF61FB16676D9400F23250 /* close.png in Resources */ = {isa = PBXBuildFile; fileRef = 72EF61D316676D9400F23250 /* close.png */; };
		72EF61FC16676D9400F23250 /* curson.png in Resources */ = {isa = PBXBuildFile; fileRef = 72EF61D416676D9400F23250 /* curson.png */; };
		72EF61FD16676D9400F23250 /* Default@2x.png in Resources */ = {isa = PBXBuildFile; fileRef = 72EF61D516676D9400F23250 /* Default@2x.png */; };
		72EF61FE16676D9400F23250 /* development.png in Resources */ = {isa = PBXBuildFile; fileRef = 72EF61D616676D9400F23250 /* development.png */; };
		72EF61FF16676D9400F23250 /* doc.png in Resources */ = {isa = PBXBuildFile; fileRef = 72EF61D716676D9400F23250 /* doc.png */; };
		72EF620016676D9400F23250 /* eog.png in Resources */ = {isa = PBXBuildFile; fileRef = 72EF61D816676D9400F23250 /* eog.png */; };
		72EF620116676D9400F23250 /* executable.png in Resources */ = {isa = PBXBuildFile; fileRef = 72EF61D916676D9400F23250 /* executable.png */; };
		72EF620216676D9400F23250 /* folder1.png in Resources */ = {isa = PBXBuildFile; fileRef = 72EF61DA16676D9400F23250 /* folder1.png */; };
		72EF620316676D9400F23250 /* glade.png in Resources */ = {isa = PBXBuildFile; fileRef = 72EF61DB16676D9400F23250 /* glade.png */; };
		72EF620416676D9400F23250 /* grayArrow.png in Resources */ = {isa = PBXBuildFile; fileRef = 72EF61DC16676D9400F23250 /* grayArrow.png */; };
		72EF620516676D9400F23250 /* grayArrow@2x.png in Resources */ = {isa = PBXBuildFile; fileRef = 72EF61DD16676D9400F23250 /* grayArrow@2x.png */; };
		72EF620616676D9400F23250 /* h.png in Resources */ = {isa = PBXBuildFile; fileRef = 72EF61DE16676D9400F23250 /* h.png */; };
		72EF620716676D9400F23250 /* html1.png in Resources */ = {isa = PBXBuildFile; fileRef = 72EF61DF16676D9400F23250 /* html1.png */; };
		72EF620816676D9400F23250 /* image1.png in Resources */ = {isa = PBXBuildFile; fileRef = 72EF61E016676D9400F23250 /* image1.png */; };
		72EF620916676D9400F23250 /* iso.png in Resources */ = {isa = PBXBuildFile; fileRef = 72EF61E116676D9400F23250 /* iso.png */; };
		72EF620A16676D9400F23250 /* mouse.png in Resources */ = {isa = PBXBuildFile; fileRef = 72EF61E216676D9400F23250 /* mouse.png */; };
		72EF620B16676D9400F23250 /* pdf1.png in Resources */ = {isa = PBXBuildFile; fileRef = 72EF61E316676D9400F23250 /* pdf1.png */; };
		72EF620C16676D9400F23250 /* ppt.png in Resources */ = {isa = PBXBuildFile; fileRef = 72EF61E416676D9400F23250 /* ppt.png */; };
		72EF620D16676D9400F23250 /* python.png in Resources */ = {isa = PBXBuildFile; fileRef = 72EF61E516676D9400F23250 /* python.png */; };
		72EF620E16676D9400F23250 /* richtext.png in Resources */ = {isa = PBXBuildFile; fileRef = 72EF61E616676D9400F23250 /* richtext.png */; };
		72EF620F16676D9400F23250 /* script.png in Resources */ = {isa = PBXBuildFile; fileRef = 72EF61E716676D9400F23250 /* script.png */; };
		72EF621016676D9400F23250 /* sql.png in Resources */ = {isa = PBXBuildFile; fileRef = 72EF61E816676D9400F23250 /* sql.png */; };
		72EF621116676D9400F23250 /* text.png in Resources */ = {isa = PBXBuildFile; fileRef = 72EF61E916676D9400F23250 /* text.png */; };
		72EF621216676D9400F23250 /* unknown.png in Resources */ = {isa = PBXBuildFile; fileRef = 72EF61EA16676D9400F23250 /* unknown.png */; };
		72EF621316676D9400F23250 /* video1.png in Resources */ = {isa = PBXBuildFile; fileRef = 72EF61EB16676D9400F23250 /* video1.png */; };
		72EF621416676D9400F23250 /* whiteArrow.png in Resources */ = {isa = PBXBuildFile; fileRef = 72EF61EC16676D9400F23250 /* whiteArrow.png */; };
		72EF621516676D9400F23250 /* whiteArrow@2x.png in Resources */ = {isa = PBXBuildFile; fileRef = 72EF61ED16676D9400F23250 /* whiteArrow@2x.png */; };
		72EF621616676D9400F23250 /* wifi.png in Resources */ = {isa = PBXBuildFile; fileRef = 72EF61EE16676D9400F23250 /* wifi.png */; };
		72EF621716676D9400F23250 /* zip1.png in Resources */ = {isa = PBXBuildFile; fileRef = 72EF61EF16676D9400F23250 /* zip1.png */; };
		72EF621816676D9400F23250 /* MainWindow.xib in Resources */ = {isa = PBXBuildFile; fileRef = 72EF61F116676D9400F23250 /* MainWindow.xib */; };
		72EF621916676D9400F23250 /* PasswordView.xib in Resources */ = {isa = PBXBuildFile; fileRef = 72EF61F216676D9400F23250 /* PasswordView.xib */; };
		72EF621A16676D9400F23250 /* ViewController.xib in Resources */ = {isa = PBXBuildFile; fileRef = 72EF61F316676D9400F23250 /* ViewController.xib */; };
/* End PBXBuildFile section */

/* Begin PBXFileReference section */
		72C0D12615FF1D32000B52DD /* FtpBrowser.app */ = {isa = PBXFileReference; explicitFileType = wrapper.application; includeInIndex = 0; path = FtpBrowser.app; sourceTree = BUILT_PRODUCTS_DIR; };
		72C0D12A15FF1D32000B52DD /* UIKit.framework */ = {isa = PBXFileReference; lastKnownFileType = wrapper.framework; name = UIKit.framework; path = System/Library/Frameworks/UIKit.framework; sourceTree = SDKROOT; };
		72C0D12C15FF1D32000B52DD /* Foundation.framework */ = {isa = PBXFileReference; lastKnownFileType = wrapper.framework; name = Foundation.framework; path = System/Library/Frameworks/Foundation.framework; sourceTree = SDKROOT; };
		72C0D12E15FF1D32000B52DD /* CoreGraphics.framework */ = {isa = PBXFileReference; lastKnownFileType = wrapper.framework; name = CoreGraphics.framework; path = System/Library/Frameworks/CoreGraphics.framework; sourceTree = SDKROOT; };
		72C0D13215FF1D32000B52DD /* FtpBrowser-Info.plist */ = {isa = PBXFileReference; lastKnownFileType = text.plist.xml; path = "FtpBrowser-Info.plist"; sourceTree = "<group>"; };
		72C0D13415FF1D33000B52DD /* en */ = {isa = PBXFileReference; lastKnownFileType = text.plist.strings; name = en; path = en.lproj/InfoPlist.strings; sourceTree = "<group>"; };
		72C0D14C15FF3D95000B52DD /* CFNetwork.framework */ = {isa = PBXFileReference; lastKnownFileType = wrapper.framework; name = CFNetwork.framework; path = System/Library/Frameworks/CFNetwork.framework; sourceTree = SDKROOT; };
		72C0D1CF1600BF07000B52DD /* QuartzCore.framework */ = {isa = PBXFileReference; lastKnownFileType = wrapper.framework; name = QuartzCore.framework; path = System/Library/Frameworks/QuartzCore.framework; sourceTree = SDKROOT; };
		72EF618E16676D8300F23250 /* AppDelegate.h */ = {isa = PBXFileReference; fileEncoding = 4; lastKnownFileType = sourcecode.c.h; path = AppDelegate.h; sourceTree = "<group>"; };
		72EF618F16676D8300F23250 /* AppDelegate.m */ = {isa = PBXFileReference; fileEncoding = 4; lastKnownFileType = sourcecode.c.objc; path = AppDelegate.m; sourceTree = "<group>"; };
		72EF619116676D8300F23250 /* BButton.h */ = {isa = PBXFileReference; fileEncoding = 4; lastKnownFileType = sourcecode.c.h; path = BButton.h; sourceTree = "<group>"; };
		72EF619216676D8300F23250 /* BButton.m */ = {isa = PBXFileReference; fileEncoding = 4; lastKnownFileType = sourcecode.c.objc; path = BButton.m; sourceTree = "<group>"; };
		72EF619316676D8300F23250 /* DDAlertPrompt.h */ = {isa = PBXFileReference; fileEncoding = 4; lastKnownFileType = sourcecode.c.h; path = DDAlertPrompt.h; sourceTree = "<group>"; };
		72EF619416676D8300F23250 /* DDAlertPrompt.m */ = {isa = PBXFileReference; fileEncoding = 4; lastKnownFileType = sourcecode.c.objc; path = DDAlertPrompt.m; sourceTree = "<group>"; };
		72EF619516676D8300F23250 /* Delete.h */ = {isa = PBXFileReference; fileEncoding = 4; lastKnownFileType = sourcecode.c.h; path = Delete.h; sourceTree = "<group>"; };
		72EF619616676D8300F23250 /* Delete.m */ = {isa = PBXFileReference; fileEncoding = 4; lastKnownFileType = sourcecode.c.objc; path = Delete.m; sourceTree = "<group>"; };
		72EF619716676D8300F23250 /* EGORefreshTableHeaderView.h */ = {isa = PBXFileReference; fileEncoding = 4; lastKnownFileType = sourcecode.c.h; path = EGORefreshTableHeaderView.h; sourceTree = "<group>"; };
		72EF619816676D8300F23250 /* EGORefreshTableHeaderView.m */ = {isa = PBXFileReference; fileEncoding = 4; lastKnownFileType = sourcecode.c.objc; path = EGORefreshTableHeaderView.m; sourceTree = "<group>"; };
		72EF619916676D8300F23250 /* Entry.h */ = {isa = PBXFileReference; fileEncoding = 4; lastKnownFileType = sourcecode.c.h; path = Entry.h; sourceTree = "<group>"; };
		72EF619A16676D8300F23250 /* Entry.m */ = {isa = PBXFileReference; fileEncoding = 4; lastKnownFileType = sourcecode.c.objc; path = Entry.m; sourceTree = "<group>"; };
		72EF619B16676D8300F23250 /* FtpBrowser-Prefix.pch */ = {isa = PBXFileReference; fileEncoding = 4; lastKnownFileType = sourcecode.c.h; name = "FtpBrowser-Prefix.pch"; path = "Classes/FtpBrowser-Prefix.pch"; sourceTree = "<group>"; };
		72EF619C16676D8300F23250 /* FtpBrowser.h */ = {isa = PBXFileReference; fileEncoding = 4; lastKnownFileType = sourcecode.c.h; path = FtpBrowser.h; sourceTree = "<group>"; };
		72EF619D16676D8300F23250 /* FtpBrowser.m */ = {isa = PBXFileReference; fileEncoding = 4; lastKnownFileType = sourcecode.c.objc; path = FtpBrowser.m; sourceTree = "<group>"; };
		72EF619F16676D8300F23250 /* main.m */ = {isa = PBXFileReference; fileEncoding = 4; lastKnownFileType = sourcecode.c.objc; path = main.m; sourceTree = "<group>"; };
		72EF61A016676D8300F23250 /* MJPopupBackgroundView.h */ = {isa = PBXFileReference; fileEncoding = 4; lastKnownFileType = sourcecode.c.h; path = MJPopupBackgroundView.h; sourceTree = "<group>"; };
		72EF61A116676D8300F23250 /* MJPopupBackgroundView.m */ = {isa = PBXFileReference; fileEncoding = 4; lastKnownFileType = sourcecode.c.objc; path = MJPopupBackgroundView.m; sourceTree = "<group>"; };
		72EF61A216676D8300F23250 /* NetworkManager.h */ = {isa = PBXFileReference; fileEncoding = 4; lastKnownFileType = sourcecode.c.h; path = NetworkManager.h; sourceTree = "<group>"; };
		72EF61A316676D8300F23250 /* NetworkManager.m */ = {isa = PBXFileReference; fileEncoding = 4; lastKnownFileType = sourcecode.c.objc; path = NetworkManager.m; sourceTree = "<group>"; };
		72EF61A416676D8300F23250 /* PasswordView.h */ = {isa = PBXFileReference; fileEncoding = 4; lastKnownFileType = sourcecode.c.h; path = PasswordView.h; sourceTree = "<group>"; };
		72EF61A516676D8300F23250 /* PasswordView.m */ = {isa = PBXFileReference; fileEncoding = 4; lastKnownFileType = sourcecode.c.objc; path = PasswordView.m; sourceTree = "<group>"; };
		72EF61A716676D8300F23250 /* PSDirectoryListViewController.h */ = {isa = PBXFileReference; fileEncoding = 4; lastKnownFileType = sourcecode.c.h; path = PSDirectoryListViewController.h; sourceTree = "<group>"; };
		72EF61A816676D8300F23250 /* PSDirectoryListViewController.m */ = {isa = PBXFileReference; fileEncoding = 4; lastKnownFileType = sourcecode.c.objc; path = PSDirectoryListViewController.m; sourceTree = "<group>"; };
		72EF61A916676D8300F23250 /* PSDirectoryPickerController.h */ = {isa = PBXFileReference; fileEncoding = 4; lastKnownFileType = sourcecode.c.h; path = PSDirectoryPickerController.h; sourceTree = "<group>"; };
		72EF61AA16676D8300F23250 /* PSDirectoryPickerController.m */ = {isa = PBXFileReference; fileEncoding = 4; lastKnownFileType = sourcecode.c.objc; path = PSDirectoryPickerController.m; sourceTree = "<group>"; };
		72EF61AB16676D8300F23250 /* PSDirectoryPickerDelegate.h */ = {isa = PBXFileReference; fileEncoding = 4; lastKnownFileType = sourcecode.c.h; path = PSDirectoryPickerDelegate.h; sourceTree = "<group>"; };
		72EF61AC16676D8300F23250 /* PSDirectoryPickerEntry.h */ = {isa = PBXFileReference; fileEncoding = 4; lastKnownFileType = sourcecode.c.h; path = PSDirectoryPickerEntry.h; sourceTree = "<group>"; };
		72EF61AD16676D8300F23250 /* PSDirectoryPickerEntry.m */ = {isa = PBXFileReference; fileEncoding = 4; lastKnownFileType = sourcecode.c.objc; path = PSDirectoryPickerEntry.m; sourceTree = "<group>"; };
		72EF61AE16676D8300F23250 /* PullRefreshTableViewController.h */ = {isa = PBXFileReference; fileEncoding = 4; lastKnownFileType = sourcecode.c.h; path = PullRefreshTableViewController.h; sourceTree = "<group>"; };
		72EF61AF16676D8300F23250 /* PullRefreshTableViewController.m */ = {isa = PBXFileReference; fileEncoding = 4; lastKnownFileType = sourcecode.c.objc; path = PullRefreshTableViewController.m; sourceTree = "<group>"; };
		72EF61B016676D8300F23250 /* UIViewController+MJPopupViewController.h */ = {isa = PBXFileReference; fileEncoding = 4; lastKnownFileType = sourcecode.c.h; path = "UIViewController+MJPopupViewController.h"; sourceTree = "<group>"; };
		72EF61B116676D8300F23250 /* UIViewController+MJPopupViewController.m */ = {isa = PBXFileReference; fileEncoding = 4; lastKnownFileType = sourcecode.c.objc; path = "UIViewController+MJPopupViewController.m"; sourceTree = "<group>"; };
		72EF61B216676D8300F23250 /* Uploader.h */ = {isa = PBXFileReference; fileEncoding = 4; lastKnownFileType = sourcecode.c.h; path = Uploader.h; sourceTree = "<group>"; };
		72EF61B316676D8300F23250 /* Uploader.m */ = {isa = PBXFileReference; fileEncoding = 4; lastKnownFileType = sourcecode.c.objc; path = Uploader.m; sourceTree = "<group>"; };
		72EF61B416676D8300F23250 /* ViewController.h */ = {isa = PBXFileReference; fileEncoding = 4; lastKnownFileType = sourcecode.c.h; path = ViewController.h; sourceTree = "<group>"; };
		72EF61B516676D8300F23250 /* ViewController.m */ = {isa = PBXFileReference; fileEncoding = 4; lastKnownFileType = sourcecode.c.objc; path = ViewController.m; sourceTree = "<group>"; };
		72EF61CC16676D9400F23250 /* arrow.png */ = {isa = PBXFileReference; lastKnownFileType = image.png; path = arrow.png; sourceTree = "<group>"; };
		72EF61CD16676D9400F23250 /* blackArrow.png */ = {isa = PBXFileReference; lastKnownFileType = image.png; path = blackArrow.png; sourceTree = "<group>"; };
		72EF61CE16676D9400F23250 /* blackArrow@2x.png */ = {isa = PBXFileReference; lastKnownFileType = image.png; path = "blackArrow@2x.png"; sourceTree = "<group>"; };
		72EF61CF16676D9400F23250 /* blueArrow.png */ = {isa = PBXFileReference; lastKnownFileType = image.png; path = blueArrow.png; sourceTree = "<group>"; };
		72EF61D016676D9400F23250 /* blueArrow@2x.png */ = {isa = PBXFileReference; lastKnownFileType = image.png; path = "blueArrow@2x.png"; sourceTree = "<group>"; };
		72EF61D116676D9400F23250 /* brasero.png */ = {isa = PBXFileReference; lastKnownFileType = image.png; path = brasero.png; sourceTree = "<group>"; };
		72EF61D216676D9400F23250 /* c.png */ = {isa = PBXFileReference; lastKnownFileType = image.png; path = c.png; sourceTree = "<group>"; };
		72EF61D316676D9400F23250 /* close.png */ = {isa = PBXFileReference; lastKnownFileType = image.png; path = close.png; sourceTree = "<group>"; };
		72EF61D416676D9400F23250 /* curson.png */ = {isa = PBXFileReference; lastKnownFileType = image.png; path = curson.png; sourceTree = "<group>"; };
		72EF61D516676D9400F23250 /* Default@2x.png */ = {isa = PBXFileReference; lastKnownFileType = image.png; path = "Default@2x.png"; sourceTree = "<group>"; };
		72EF61D616676D9400F23250 /* development.png */ = {isa = PBXFileReference; lastKnownFileType = image.png; path = development.png; sourceTree = "<group>"; };
		72EF61D716676D9400F23250 /* doc.png */ = {isa = PBXFileReference; lastKnownFileType = image.png; path = doc.png; sourceTree = "<group>"; };
		72EF61D816676D9400F23250 /* eog.png */ = {isa = PBXFileReference; lastKnownFileType = image.png; path = eog.png; sourceTree = "<group>"; };
		72EF61D916676D9400F23250 /* executable.png */ = {isa = PBXFileReference; lastKnownFileType = image.png; path = executable.png; sourceTree = "<group>"; };
		72EF61DA16676D9400F23250 /* folder1.png */ = {isa = PBXFileReference; lastKnownFileType = image.png; path = folder1.png; sourceTree = "<group>"; };
		72EF61DB16676D9400F23250 /* glade.png */ = {isa = PBXFileReference; lastKnownFileType = image.png; path = glade.png; sourceTree = "<group>"; };
		72EF61DC16676D9400F23250 /* grayArrow.png */ = {isa = PBXFileReference; lastKnownFileType = image.png; path = grayArrow.png; sourceTree = "<group>"; };
		72EF61DD16676D9400F23250 /* grayArrow@2x.png */ = {isa = PBXFileReference; lastKnownFileType = image.png; path = "grayArrow@2x.png"; sourceTree = "<group>"; };
		72EF61DE16676D9400F23250 /* h.png */ = {isa = PBXFileReference; lastKnownFileType = image.png; path = h.png; sourceTree = "<group>"; };
		72EF61DF16676D9400F23250 /* html1.png */ = {isa = PBXFileReference; lastKnownFileType = image.png; path = html1.png; sourceTree = "<group>"; };
		72EF61E016676D9400F23250 /* image1.png */ = {isa = PBXFileReference; lastKnownFileType = image.png; path = image1.png; sourceTree = "<group>"; };
		72EF61E116676D9400F23250 /* iso.png */ = {isa = PBXFileReference; lastKnownFileType = image.png; path = iso.png; sourceTree = "<group>"; };
		72EF61E216676D9400F23250 /* mouse.png */ = {isa = PBXFileReference; lastKnownFileType = image.png; path = mouse.png; sourceTree = "<group>"; };
		72EF61E316676D9400F23250 /* pdf1.png */ = {isa = PBXFileReference; lastKnownFileType = image.png; path = pdf1.png; sourceTree = "<group>"; };
		72EF61E416676D9400F23250 /* ppt.png */ = {isa = PBXFileReference; lastKnownFileType = image.png; path = ppt.png; sourceTree = "<group>"; };
		72EF61E516676D9400F23250 /* python.png */ = {isa = PBXFileReference; lastKnownFileType = image.png; path = python.png; sourceTree = "<group>"; };
		72EF61E616676D9400F23250 /* richtext.png */ = {isa = PBXFileReference; lastKnownFileType = image.png; path = richtext.png; sourceTree = "<group>"; };
		72EF61E716676D9400F23250 /* script.png */ = {isa = PBXFileReference; lastKnownFileType = image.png; path = script.png; sourceTree = "<group>"; };
		72EF61E816676D9400F23250 /* sql.png */ = {isa = PBXFileReference; lastKnownFileType = image.png; path = sql.png; sourceTree = "<group>"; };
		72EF61E916676D9400F23250 /* text.png */ = {isa = PBXFileReference; lastKnownFileType = image.png; path = text.png; sourceTree = "<group>"; };
		72EF61EA16676D9400F23250 /* unknown.png */ = {isa = PBXFileReference; lastKnownFileType = image.png; path = unknown.png; sourceTree = "<group>"; };
		72EF61EB16676D9400F23250 /* video1.png */ = {isa = PBXFileReference; lastKnownFileType = image.png; path = video1.png; sourceTree = "<group>"; };
		72EF61EC16676D9400F23250 /* whiteArrow.png */ = {isa = PBXFileReference; lastKnownFileType = image.png; path = whiteArrow.png; sourceTree = "<group>"; };
		72EF61ED16676D9400F23250 /* whiteArrow@2x.png */ = {isa = PBXFileReference; lastKnownFileType = image.png; path = "whiteArrow@2x.png"; sourceTree = "<group>"; };
		72EF61EE16676D9400F23250 /* wifi.png */ = {isa = PBXFileReference; lastKnownFileType = image.png; path = wifi.png; sourceTree = "<group>"; };
		72EF61EF16676D9400F23250 /* zip1.png */ = {isa = PBXFileReference; lastKnownFileType = image.png; path = zip1.png; sourceTree = "<group>"; };
		72EF61F116676D9400F23250 /* MainWindow.xib */ = {isa = PBXFileReference; fileEncoding = 4; lastKnownFileType = file.xib; path = MainWindow.xib; sourceTree = "<group>"; };
		72EF61F216676D9400F23250 /* PasswordView.xib */ = {isa = PBXFileReference; fileEncoding = 4; lastKnownFileType = file.xib; path = PasswordView.xib; sourceTree = "<group>"; };
		72EF61F316676D9400F23250 /* ViewController.xib */ = {isa = PBXFileReference; fileEncoding = 4; lastKnownFileType = file.xib; path = ViewController.xib; sourceTree = "<group>"; };
/* End PBXFileReference section */

/* Begin PBXFrameworksBuildPhase section */
		72C0D12315FF1D32000B52DD /* Frameworks */ = {
			isa = PBXFrameworksBuildPhase;
			buildActionMask = 2147483647;
			files = (
				72C0D1D01600BF07000B52DD /* QuartzCore.framework in Frameworks */,
				72C0D14D15FF3D95000B52DD /* CFNetwork.framework in Frameworks */,
				72C0D12B15FF1D32000B52DD /* UIKit.framework in Frameworks */,
				72C0D12D15FF1D32000B52DD /* Foundation.framework in Frameworks */,
				72C0D12F15FF1D32000B52DD /* CoreGraphics.framework in Frameworks */,
			);
			runOnlyForDeploymentPostprocessing = 0;
		};
/* End PBXFrameworksBuildPhase section */

/* Begin PBXGroup section */
		72C0D11B15FF1D32000B52DD = {
			isa = PBXGroup;
			children = (
				72C0D13015FF1D32000B52DD /* FtpBrowser */,
				72C0D12915FF1D32000B52DD /* Frameworks */,
				72C0D12715FF1D32000B52DD /* Products */,
			);
			sourceTree = "<group>";
		};
		72C0D12715FF1D32000B52DD /* Products */ = {
			isa = PBXGroup;
			children = (
				72C0D12615FF1D32000B52DD /* FtpBrowser.app */,
			);
			name = Products;
			sourceTree = "<group>";
		};
		72C0D12915FF1D32000B52DD /* Frameworks */ = {
			isa = PBXGroup;
			children = (
				72C0D1CF1600BF07000B52DD /* QuartzCore.framework */,
				72C0D14C15FF3D95000B52DD /* CFNetwork.framework */,
				72C0D12A15FF1D32000B52DD /* UIKit.framework */,
				72C0D12C15FF1D32000B52DD /* Foundation.framework */,
				72C0D12E15FF1D32000B52DD /* CoreGraphics.framework */,
			);
			name = Frameworks;
			sourceTree = "<group>";
		};
		72C0D13015FF1D32000B52DD /* FtpBrowser */ = {
			isa = PBXGroup;
			children = (
				72EF618D16676D8300F23250 /* Classes */,
				72C0D13115FF1D32000B52DD /* Supporting Files */,
				72EF619B16676D8300F23250 /* FtpBrowser-Prefix.pch */,
			);
			path = FtpBrowser;
			sourceTree = "<group>";
		};
		72C0D13115FF1D32000B52DD /* Supporting Files */ = {
			isa = PBXGroup;
			children = (
				72EF61CA16676D9400F23250 /* Resources */,
				72C0D13215FF1D32000B52DD /* FtpBrowser-Info.plist */,
				72C0D13315FF1D33000B52DD /* InfoPlist.strings */,
			);
			name = "Supporting Files";
			sourceTree = "<group>";
		};
		72EF618D16676D8300F23250 /* Classes */ = {
			isa = PBXGroup;
			children = (
				72EF618E16676D8300F23250 /* AppDelegate.h */,
				72EF618F16676D8300F23250 /* AppDelegate.m */,
				72EF619316676D8300F23250 /* DDAlertPrompt.h */,
				72EF619416676D8300F23250 /* DDAlertPrompt.m */,
				72EF619516676D8300F23250 /* Delete.h */,
				72EF619616676D8300F23250 /* Delete.m */,
				72EF619716676D8300F23250 /* EGORefreshTableHeaderView.h */,
				72EF619816676D8300F23250 /* EGORefreshTableHeaderView.m */,
				72EF619916676D8300F23250 /* Entry.h */,
				72EF619A16676D8300F23250 /* Entry.m */,
				72EF619C16676D8300F23250 /* FtpBrowser.h */,
				72EF619D16676D8300F23250 /* FtpBrowser.m */,
				72EF619F16676D8300F23250 /* main.m */,
				72EF61A016676D8300F23250 /* MJPopupBackgroundView.h */,
				72EF61A116676D8300F23250 /* MJPopupBackgroundView.m */,
				72EF61A216676D8300F23250 /* NetworkManager.h */,
				72EF61A316676D8300F23250 /* NetworkManager.m */,
				72EF61A416676D8300F23250 /* PasswordView.h */,
				72EF61A516676D8300F23250 /* PasswordView.m */,
				72EF61AE16676D8300F23250 /* PullRefreshTableViewController.h */,
				72EF61AF16676D8300F23250 /* PullRefreshTableViewController.m */,
				72EF61B016676D8300F23250 /* UIViewController+MJPopupViewController.h */,
				72EF61B116676D8300F23250 /* UIViewController+MJPopupViewController.m */,
				72EF61B216676D8300F23250 /* Uploader.h */,
				72EF61B316676D8300F23250 /* Uploader.m */,
				72EF61B416676D8300F23250 /* ViewController.h */,
				72EF61B516676D8300F23250 /* ViewController.m */,
				72EF61A616676D8300F23250 /* PSDirectoryPickerController */,
				72EF619016676D8300F23250 /* BButton */,
			);
			path = Classes;
			sourceTree = "<group>";
		};
		72EF619016676D8300F23250 /* BButton */ = {
			isa = PBXGroup;
			children = (
				72EF619116676D8300F23250 /* BButton.h */,
				72EF619216676D8300F23250 /* BButton.m */,
			);
			path = BButton;
			sourceTree = "<group>";
		};
		72EF61A616676D8300F23250 /* PSDirectoryPickerController */ = {
			isa = PBXGroup;
			children = (
				72EF61A716676D8300F23250 /* PSDirectoryListViewController.h */,
				72EF61A816676D8300F23250 /* PSDirectoryListViewController.m */,
				72EF61A916676D8300F23250 /* PSDirectoryPickerController.h */,
				72EF61AA16676D8300F23250 /* PSDirectoryPickerController.m */,
				72EF61AB16676D8300F23250 /* PSDirectoryPickerDelegate.h */,
				72EF61AC16676D8300F23250 /* PSDirectoryPickerEntry.h */,
				72EF61AD16676D8300F23250 /* PSDirectoryPickerEntry.m */,
			);
			path = PSDirectoryPickerController;
			sourceTree = "<group>";
		};
		72EF61CA16676D9400F23250 /* Resources */ = {
			isa = PBXGroup;
			children = (
				72EF61CB16676D9400F23250 /* Images */,
				72EF61F016676D9400F23250 /* XIB */,
			);
			path = Resources;
			sourceTree = "<group>";
		};
		72EF61CB16676D9400F23250 /* Images */ = {
			isa = PBXGroup;
			children = (
				72EF61CC16676D9400F23250 /* arrow.png */,
				72EF61CD16676D9400F23250 /* blackArrow.png */,
				72EF61CE16676D9400F23250 /* blackArrow@2x.png */,
				72EF61CF16676D9400F23250 /* blueArrow.png */,
				72EF61D016676D9400F23250 /* blueArrow@2x.png */,
				72EF61D116676D9400F23250 /* brasero.png */,
				72EF61D216676D9400F23250 /* c.png */,
				72EF61D316676D9400F23250 /* close.png */,
				72EF61D416676D9400F23250 /* curson.png */,
				72EF61D516676D9400F23250 /* Default@2x.png */,
				72EF61D616676D9400F23250 /* development.png */,
				72EF61D716676D9400F23250 /* doc.png */,
				72EF61D816676D9400F23250 /* eog.png */,
				72EF61D916676D9400F23250 /* executable.png */,
				72EF61DA16676D9400F23250 /* folder1.png */,
				72EF61DB16676D9400F23250 /* glade.png */,
				72EF61DC16676D9400F23250 /* grayArrow.png */,
				72EF61DD16676D9400F23250 /* grayArrow@2x.png */,
				72EF61DE16676D9400F23250 /* h.png */,
				72EF61DF16676D9400F23250 /* html1.png */,
				72EF61E016676D9400F23250 /* image1.png */,
				72EF61E116676D9400F23250 /* iso.png */,
				72EF61E216676D9400F23250 /* mouse.png */,
				72EF61E316676D9400F23250 /* pdf1.png */,
				72EF61E416676D9400F23250 /* ppt.png */,
				72EF61E516676D9400F23250 /* python.png */,
				72EF61E616676D9400F23250 /* richtext.png */,
				72EF61E716676D9400F23250 /* script.png */,
				72EF61E816676D9400F23250 /* sql.png */,
				72EF61E916676D9400F23250 /* text.png */,
				72EF61EA16676D9400F23250 /* unknown.png */,
				72EF61EB16676D9400F23250 /* video1.png */,
				72EF61EC16676D9400F23250 /* whiteArrow.png */,
				72EF61ED16676D9400F23250 /* whiteArrow@2x.png */,
				72EF61EE16676D9400F23250 /* wifi.png */,
				72EF61EF16676D9400F23250 /* zip1.png */,
			);
			path = Images;
			sourceTree = "<group>";
		};
		72EF61F016676D9400F23250 /* XIB */ = {
			isa = PBXGroup;
			children = (
				72EF61F116676D9400F23250 /* MainWindow.xib */,
				72EF61F216676D9400F23250 /* PasswordView.xib */,
				72EF61F316676D9400F23250 /* ViewController.xib */,
			);
			path = XIB;
			sourceTree = "<group>";
		};
/* End PBXGroup section */

/* Begin PBXNativeTarget section */
		72C0D12515FF1D32000B52DD /* FtpBrowser */ = {
			isa = PBXNativeTarget;
			buildConfigurationList = 72C0D13E15FF1D33000B52DD /* Build configuration list for PBXNativeTarget "FtpBrowser" */;
			buildPhases = (
				72C0D12215FF1D32000B52DD /* Sources */,
				72C0D12315FF1D32000B52DD /* Frameworks */,
				72C0D12415FF1D32000B52DD /* Resources */,
			);
			buildRules = (
			);
			dependencies = (
			);
			name = FtpBrowser;
			productName = FtpBrowser;
			productReference = 72C0D12615FF1D32000B52DD /* FtpBrowser.app */;
			productType = "com.apple.product-type.application";
		};
/* End PBXNativeTarget section */

/* Begin PBXProject section */
		72C0D11D15FF1D32000B52DD /* Project object */ = {
			isa = PBXProject;
			attributes = {
				LastUpgradeCheck = 0420;
			};
			buildConfigurationList = 72C0D12015FF1D32000B52DD /* Build configuration list for PBXProject "FtpBrowser" */;
			compatibilityVersion = "Xcode 3.2";
			developmentRegion = English;
			hasScannedForEncodings = 0;
			knownRegions = (
				en,
			);
			mainGroup = 72C0D11B15FF1D32000B52DD;
			productRefGroup = 72C0D12715FF1D32000B52DD /* Products */;
			projectDirPath = "";
			projectRoot = "";
			targets = (
				72C0D12515FF1D32000B52DD /* FtpBrowser */,
			);
		};
/* End PBXProject section */

/* Begin PBXResourcesBuildPhase section */
		72C0D12415FF1D32000B52DD /* Resources */ = {
			isa = PBXResourcesBuildPhase;
			buildActionMask = 2147483647;
			files = (
				72C0D13515FF1D33000B52DD /* InfoPlist.strings in Resources */,
				72EF61F416676D9400F23250 /* arrow.png in Resources */,
				72EF61F516676D9400F23250 /* blackArrow.png in Resources */,
				72EF61F616676D9400F23250 /* blackArrow@2x.png in Resources */,
				72EF61F716676D9400F23250 /* blueArrow.png in Resources */,
				72EF61F816676D9400F23250 /* blueArrow@2x.png in Resources */,
				72EF61F916676D9400F23250 /* brasero.png in Resources */,
				72EF61FA16676D9400F23250 /* c.png in Resources */,
				72EF61FB16676D9400F23250 /* close.png in Resources */,
				72EF61FC16676D9400F23250 /* curson.png in Resources */,
				72EF61FD16676D9400F23250 /* Default@2x.png in Resources */,
				72EF61FE16676D9400F23250 /* development.png in Resources */,
				72EF61FF16676D9400F23250 /* doc.png in Resources */,
				72EF620016676D9400F23250 /* eog.png in Resources */,
				72EF620116676D9400F23250 /* executable.png in Resources */,
				72EF620216676D9400F23250 /* folder1.png in Resources */,
				72EF620316676D9400F23250 /* glade.png in Resources */,
				72EF620416676D9400F23250 /* grayArrow.png in Resources */,
				72EF620516676D9400F23250 /* grayArrow@2x.png in Resources */,
				72EF620616676D9400F23250 /* h.png in Resources */,
				72EF620716676D9400F23250 /* html1.png in Resources */,
				72EF620816676D9400F23250 /* image1.png in Resources */,
				72EF620916676D9400F23250 /* iso.png in Resources */,
				72EF620A16676D9400F23250 /* mouse.png in Resources */,
				72EF620B16676D9400F23250 /* pdf1.png in Resources */,
				72EF620C16676D9400F23250 /* ppt.png in Resources */,
				72EF620D16676D9400F23250 /* python.png in Resources */,
				72EF620E16676D9400F23250 /* richtext.png in Resources */,
				72EF620F16676D9400F23250 /* script.png in Resources */,
				72EF621016676D9400F23250 /* sql.png in Resources */,
				72EF621116676D9400F23250 /* text.png in Resources */,
				72EF621216676D9400F23250 /* unknown.png in Resources */,
				72EF621316676D9400F23250 /* video1.png in Resources */,
				72EF621416676D9400F23250 /* whiteArrow.png in Resources */,
				72EF621516676D9400F23250 /* whiteArrow@2x.png in Resources */,
				72EF621616676D9400F23250 /* wifi.png in Resources */,
				72EF621716676D9400F23250 /* zip1.png in Resources */,
				72EF621816676D9400F23250 /* MainWindow.xib in Resources */,
				72EF621916676D9400F23250 /* PasswordView.xib in Resources */,
				72EF621A16676D9400F23250 /* ViewController.xib in Resources */,
			);
			runOnlyForDeploymentPostprocessing = 0;
		};
/* End PBXResourcesBuildPhase section */

/* Begin PBXSourcesBuildPhase section */
		72C0D12215FF1D32000B52DD /* Sources */ = {
			isa = PBXSourcesBuildPhase;
			buildActionMask = 2147483647;
			files = (
				72EF61B716676D8400F23250 /* AppDelegate.m in Sources */,
				72EF61B816676D8400F23250 /* BButton.m in Sources */,
				72EF61B916676D8400F23250 /* DDAlertPrompt.m in Sources */,
				72EF61BA16676D8400F23250 /* Delete.m in Sources */,
				72EF61BB16676D8400F23250 /* EGORefreshTableHeaderView.m in Sources */,
				72EF61BC16676D8400F23250 /* Entry.m in Sources */,
				72EF61BD16676D8400F23250 /* FtpBrowser.m in Sources */,
				72EF61BF16676D8400F23250 /* main.m in Sources */,
				72EF61C016676D8400F23250 /* MJPopupBackgroundView.m in Sources */,
				72EF61C116676D8400F23250 /* NetworkManager.m in Sources */,
				72EF61C216676D8400F23250 /* PasswordView.m in Sources */,
				72EF61C316676D8400F23250 /* PSDirectoryListViewController.m in Sources */,
				72EF61C416676D8400F23250 /* PSDirectoryPickerController.m in Sources */,
				72EF61C516676D8400F23250 /* PSDirectoryPickerEntry.m in Sources */,
				72EF61C616676D8400F23250 /* PullRefreshTableViewController.m in Sources */,
				72EF61C716676D8400F23250 /* UIViewController+MJPopupViewController.m in Sources */,
				72EF61C816676D8400F23250 /* Uploader.m in Sources */,
				72EF61C916676D8400F23250 /* ViewController.m in Sources */,
			);
			runOnlyForDeploymentPostprocessing = 0;
		};
/* End PBXSourcesBuildPhase section */

/* Begin PBXVariantGroup section */
		72C0D13315FF1D33000B52DD /* InfoPlist.strings */ = {
			isa = PBXVariantGroup;
			children = (
				72C0D13415FF1D33000B52DD /* en */,
			);
			name = InfoPlist.strings;
			sourceTree = "<group>";
		};
/* End PBXVariantGroup section */

/* Begin XCBuildConfiguration section */
		72C0D13C15FF1D33000B52DD /* Debug */ = {
			isa = XCBuildConfiguration;
			buildSettings = {
				ALWAYS_SEARCH_USER_PATHS = NO;
				ARCHS = "$(ARCHS_STANDARD_32_BIT)";
				CODE_SIGN_IDENTITY = "";
				"CODE_SIGN_IDENTITY[sdk=iphoneos*]" = "";
				COPY_PHASE_STRIP = NO;
				GCC_C_LANGUAGE_STANDARD = gnu99;
				GCC_DYNAMIC_NO_PIC = NO;
				GCC_OPTIMIZATION_LEVEL = 0;
				GCC_PREPROCESSOR_DEFINITIONS = (
					"DEBUG=1",
					"$(inherited)",
				);
				GCC_SYMBOLS_PRIVATE_EXTERN = NO;
				GCC_VERSION = com.apple.compilers.llvm.clang.1_0;
				GCC_WARN_ABOUT_MISSING_PROTOTYPES = YES;
				GCC_WARN_ABOUT_RETURN_TYPE = YES;
				GCC_WARN_UNUSED_VARIABLE = YES;
				IPHONEOS_DEPLOYMENT_TARGET = 5.0;
				SDKROOT = iphoneos;
			};
			name = Debug;
		};
		72C0D13D15FF1D33000B52DD /* Release */ = {
			isa = XCBuildConfiguration;
			buildSettings = {
				ALWAYS_SEARCH_USER_PATHS = NO;
				ARCHS = "$(ARCHS_STANDARD_32_BIT)";
				CODE_SIGN_IDENTITY = "";
				"CODE_SIGN_IDENTITY[sdk=iphoneos*]" = "";
				COPY_PHASE_STRIP = YES;
				GCC_C_LANGUAGE_STANDARD = gnu99;
				GCC_VERSION = com.apple.compilers.llvm.clang.1_0;
				GCC_WARN_ABOUT_MISSING_PROTOTYPES = YES;
				GCC_WARN_ABOUT_RETURN_TYPE = YES;
				GCC_WARN_UNUSED_VARIABLE = YES;
				IPHONEOS_DEPLOYMENT_TARGET = 5.0;
				OTHER_CFLAGS = "-DNS_BLOCK_ASSERTIONS=1";
				SDKROOT = iphoneos;
				VALIDATE_PRODUCT = YES;
			};
			name = Release;
		};
		72C0D13F15FF1D33000B52DD /* Debug */ = {
			isa = XCBuildConfiguration;
			buildSettings = {
				GCC_PRECOMPILE_PREFIX_HEADER = YES;
				GCC_PREFIX_HEADER = "FtpBrowser/FtpBrowser-Prefix.pch";
				INFOPLIST_FILE = "FtpBrowser/FtpBrowser-Info.plist";
				PRODUCT_NAME = "$(TARGET_NAME)";
				WRAPPER_EXTENSION = app;
			};
			name = Debug;
		};
		72C0D14015FF1D33000B52DD /* Release */ = {
			isa = XCBuildConfiguration;
			buildSettings = {
				GCC_PRECOMPILE_PREFIX_HEADER = YES;
				GCC_PREFIX_HEADER = "FtpBrowser/FtpBrowser-Prefix.pch";
				INFOPLIST_FILE = "FtpBrowser/FtpBrowser-Info.plist";
				PRODUCT_NAME = "$(TARGET_NAME)";
				WRAPPER_EXTENSION = app;
			};
			name = Release;
		};
/* End XCBuildConfiguration section */

/* Begin XCConfigurationList section */
		72C0D12015FF1D32000B52DD /* Build configuration list for PBXProject "FtpBrowser" */ = {
			isa = XCConfigurationList;
			buildConfigurations = (
				72C0D13C15FF1D33000B52DD /* Debug */,
				72C0D13D15FF1D33000B52DD /* Release */,
			);
			defaultConfigurationIsVisible = 0;
			defaultConfigurationName = Release;
		};
		72C0D13E15FF1D33000B52DD /* Build configuration list for PBXNativeTarget "FtpBrowser" */ = {
			isa = XCConfigurationList;
			buildConfigurations = (
				72C0D13F15FF1D33000B52DD /* Debug */,
				72C0D14015FF1D33000B52DD /* Release */,
			);
			defaultConfigurationIsVisible = 0;
			defaultConfigurationName = Release;
		};
/* End XCConfigurationList section */
	};
	rootObject = 72C0D11D15FF1D32000B52DD /* Project object */;
}
